// !$*UTF8*$!
{
	archiveVersion = 1;
	classes = {
	};
	objectVersion = 51;
	objects = {

/* Begin PBXBuildFile section */
		30A0510BD22453211E58A2A2 /* Pods_CleanerTests.framework in Frameworks */ = {isa = PBXBuildFile; fileRef = B86B6AD5D1B5C3CE66C4DCC8 /* Pods_CleanerTests.framework */; };
		6E14187D24DAEE5100E7C49A /* ArticleCustomItem.swift in Sources */ = {isa = PBXBuildFile; fileRef = 6E14187C24DAEE5100E7C49A /* ArticleCustomItem.swift */; };
		6E373A7E24E00F9100BF5678 /* CardDetailCustomCell.swift in Sources */ = {isa = PBXBuildFile; fileRef = 6E373A7D24E00F9100BF5678 /* CardDetailCustomCell.swift */; };
		6E373A8024E0312C00BF5678 /* CardDetailBannerCustomCell.swift in Sources */ = {isa = PBXBuildFile; fileRef = 6E373A7F24E0312C00BF5678 /* CardDetailBannerCustomCell.swift */; };
		6E81ED7924D81776006E3BD0 /* AppDelegate.swift in Sources */ = {isa = PBXBuildFile; fileRef = 6E81ED7824D81776006E3BD0 /* AppDelegate.swift */; };
		6E81ED7B24D81776006E3BD0 /* SceneDelegate.swift in Sources */ = {isa = PBXBuildFile; fileRef = 6E81ED7A24D81776006E3BD0 /* SceneDelegate.swift */; };
		6E81ED8324D81776006E3BD0 /* Cleaner.xcdatamodeld in Sources */ = {isa = PBXBuildFile; fileRef = 6E81ED8124D81776006E3BD0 /* Cleaner.xcdatamodeld */; };
		6E81ED8524D81777006E3BD0 /* Assets.xcassets in Resources */ = {isa = PBXBuildFile; fileRef = 6E81ED8424D81777006E3BD0 /* Assets.xcassets */; };
		6E81ED8824D81777006E3BD0 /* LaunchScreen.storyboard in Resources */ = {isa = PBXBuildFile; fileRef = 6E81ED8624D81777006E3BD0 /* LaunchScreen.storyboard */; };
		6E81ED9324D81778006E3BD0 /* CleanerTests.swift in Sources */ = {isa = PBXBuildFile; fileRef = 6E81ED9224D81778006E3BD0 /* CleanerTests.swift */; };
		6E81ED9E24D81778006E3BD0 /* CleanerUITests.swift in Sources */ = {isa = PBXBuildFile; fileRef = 6E81ED9D24D81778006E3BD0 /* CleanerUITests.swift */; };
		6E81EDB124D81A34006E3BD0 /* ScheduleViewController.swift in Sources */ = {isa = PBXBuildFile; fileRef = 6E81EDB024D81A34006E3BD0 /* ScheduleViewController.swift */; };
		6E81EDB524D81A9B006E3BD0 /* CleaningMethodViewController.swift in Sources */ = {isa = PBXBuildFile; fileRef = 6E81EDB424D81A9B006E3BD0 /* CleaningMethodViewController.swift */; };
		6E81EDB724D81B11006E3BD0 /* CleanMateViewController.swift in Sources */ = {isa = PBXBuildFile; fileRef = 6E81EDB624D81B11006E3BD0 /* CleanMateViewController.swift */; };
		6E81EDB924D81B21006E3BD0 /* SettingViewController.swift in Sources */ = {isa = PBXBuildFile; fileRef = 6E81EDB824D81B21006E3BD0 /* SettingViewController.swift */; };
		6EC5F1AB24DC40CD00D132BE /* UI.swift in Sources */ = {isa = PBXBuildFile; fileRef = 6EC5F1AA24DC40CD00D132BE /* UI.swift */; };
		6EC5F1AF24DD767800D132BE /* ProductViewController.swift in Sources */ = {isa = PBXBuildFile; fileRef = 6EC5F1AE24DD767800D132BE /* ProductViewController.swift */; };
		6EC5F1B124DED36A00D132BE /* CheckListCustomCell.swift in Sources */ = {isa = PBXBuildFile; fileRef = 6EC5F1B024DED36A00D132BE /* CheckListCustomCell.swift */; };
		6EC5F1B324DEE4F200D132BE /* Main.storyboard in Resources */ = {isa = PBXBuildFile; fileRef = 6EC5F1B224DEE4F200D132BE /* Main.storyboard */; };
		6EC5F1B924E001A100D132BE /* CardDetailViewController.swift in Sources */ = {isa = PBXBuildFile; fileRef = 6EC5F1B824E001A100D132BE /* CardDetailViewController.swift */; };
		6EC5F1BB24E001C500D132BE /* CleanCardDetailViewController.swift in Sources */ = {isa = PBXBuildFile; fileRef = 6EC5F1BA24E001C500D132BE /* CleanCardDetailViewController.swift */; };
		81FA9327B1DE724131EEFB22 /* Pods_Cleaner.framework in Frameworks */ = {isa = PBXBuildFile; fileRef = 32D1E6C7B8B27529E5DB686B /* Pods_Cleaner.framework */; };
		8AFC4CA20471BDC585F4D21D /* Pods_Cleaner_CleanerUITests.framework in Frameworks */ = {isa = PBXBuildFile; fileRef = 0E0B64133B0E937B29E66C9A /* Pods_Cleaner_CleanerUITests.framework */; };
/* End PBXBuildFile section */

/* Begin PBXContainerItemProxy section */
		6E81ED8F24D81778006E3BD0 /* PBXContainerItemProxy */ = {
			isa = PBXContainerItemProxy;
			containerPortal = 6E81ED6D24D81776006E3BD0 /* Project object */;
			proxyType = 1;
			remoteGlobalIDString = 6E81ED7424D81776006E3BD0;
			remoteInfo = Cleaner;
		};
		6E81ED9A24D81778006E3BD0 /* PBXContainerItemProxy */ = {
			isa = PBXContainerItemProxy;
			containerPortal = 6E81ED6D24D81776006E3BD0 /* Project object */;
			proxyType = 1;
			remoteGlobalIDString = 6E81ED7424D81776006E3BD0;
			remoteInfo = Cleaner;
		};
/* End PBXContainerItemProxy section */

/* Begin PBXFileReference section */
		0B7F1CFF07D89D374A66005C /* Pods-Cleaner-CleanerUITests.release.xcconfig */ = {isa = PBXFileReference; includeInIndex = 1; lastKnownFileType = text.xcconfig; name = "Pods-Cleaner-CleanerUITests.release.xcconfig"; path = "Target Support Files/Pods-Cleaner-CleanerUITests/Pods-Cleaner-CleanerUITests.release.xcconfig"; sourceTree = "<group>"; };
		0E0B64133B0E937B29E66C9A /* Pods_Cleaner_CleanerUITests.framework */ = {isa = PBXFileReference; explicitFileType = wrapper.framework; includeInIndex = 0; path = Pods_Cleaner_CleanerUITests.framework; sourceTree = BUILT_PRODUCTS_DIR; };
		32D1E6C7B8B27529E5DB686B /* Pods_Cleaner.framework */ = {isa = PBXFileReference; explicitFileType = wrapper.framework; includeInIndex = 0; path = Pods_Cleaner.framework; sourceTree = BUILT_PRODUCTS_DIR; };
		6E14187C24DAEE5100E7C49A /* ArticleCustomItem.swift */ = {isa = PBXFileReference; lastKnownFileType = sourcecode.swift; path = ArticleCustomItem.swift; sourceTree = "<group>"; };
		6E373A7D24E00F9100BF5678 /* CardDetailCustomCell.swift */ = {isa = PBXFileReference; lastKnownFileType = sourcecode.swift; path = CardDetailCustomCell.swift; sourceTree = "<group>"; };
		6E373A7F24E0312C00BF5678 /* CardDetailBannerCustomCell.swift */ = {isa = PBXFileReference; lastKnownFileType = sourcecode.swift; path = CardDetailBannerCustomCell.swift; sourceTree = "<group>"; };
		6E81ED7524D81776006E3BD0 /* Cleaner.app */ = {isa = PBXFileReference; explicitFileType = wrapper.application; includeInIndex = 0; path = Cleaner.app; sourceTree = BUILT_PRODUCTS_DIR; };
		6E81ED7824D81776006E3BD0 /* AppDelegate.swift */ = {isa = PBXFileReference; lastKnownFileType = sourcecode.swift; path = AppDelegate.swift; sourceTree = "<group>"; };
		6E81ED7A24D81776006E3BD0 /* SceneDelegate.swift */ = {isa = PBXFileReference; lastKnownFileType = sourcecode.swift; path = SceneDelegate.swift; sourceTree = "<group>"; };
		6E81ED8224D81776006E3BD0 /* Cleaner.xcdatamodel */ = {isa = PBXFileReference; lastKnownFileType = wrapper.xcdatamodel; path = Cleaner.xcdatamodel; sourceTree = "<group>"; };
		6E81ED8424D81777006E3BD0 /* Assets.xcassets */ = {isa = PBXFileReference; lastKnownFileType = folder.assetcatalog; path = Assets.xcassets; sourceTree = "<group>"; };
		6E81ED8724D81777006E3BD0 /* Base */ = {isa = PBXFileReference; lastKnownFileType = file.storyboard; name = Base; path = Base.lproj/LaunchScreen.storyboard; sourceTree = "<group>"; };
		6E81ED8924D81777006E3BD0 /* Info.plist */ = {isa = PBXFileReference; lastKnownFileType = text.plist.xml; path = Info.plist; sourceTree = "<group>"; };
		6E81ED8E24D81778006E3BD0 /* CleanerTests.xctest */ = {isa = PBXFileReference; explicitFileType = wrapper.cfbundle; includeInIndex = 0; path = CleanerTests.xctest; sourceTree = BUILT_PRODUCTS_DIR; };
		6E81ED9224D81778006E3BD0 /* CleanerTests.swift */ = {isa = PBXFileReference; lastKnownFileType = sourcecode.swift; path = CleanerTests.swift; sourceTree = "<group>"; };
		6E81ED9424D81778006E3BD0 /* Info.plist */ = {isa = PBXFileReference; lastKnownFileType = text.plist.xml; path = Info.plist; sourceTree = "<group>"; };
		6E81ED9924D81778006E3BD0 /* CleanerUITests.xctest */ = {isa = PBXFileReference; explicitFileType = wrapper.cfbundle; includeInIndex = 0; path = CleanerUITests.xctest; sourceTree = BUILT_PRODUCTS_DIR; };
		6E81ED9D24D81778006E3BD0 /* CleanerUITests.swift */ = {isa = PBXFileReference; lastKnownFileType = sourcecode.swift; path = CleanerUITests.swift; sourceTree = "<group>"; };
		6E81ED9F24D81778006E3BD0 /* Info.plist */ = {isa = PBXFileReference; lastKnownFileType = text.plist.xml; path = Info.plist; sourceTree = "<group>"; };
		6E81EDB024D81A34006E3BD0 /* ScheduleViewController.swift */ = {isa = PBXFileReference; lastKnownFileType = sourcecode.swift; path = ScheduleViewController.swift; sourceTree = "<group>"; };
		6E81EDB424D81A9B006E3BD0 /* CleaningMethodViewController.swift */ = {isa = PBXFileReference; lastKnownFileType = sourcecode.swift; path = CleaningMethodViewController.swift; sourceTree = "<group>"; };
		6E81EDB624D81B11006E3BD0 /* CleanMateViewController.swift */ = {isa = PBXFileReference; lastKnownFileType = sourcecode.swift; path = CleanMateViewController.swift; sourceTree = "<group>"; };
		6E81EDB824D81B21006E3BD0 /* SettingViewController.swift */ = {isa = PBXFileReference; lastKnownFileType = sourcecode.swift; path = SettingViewController.swift; sourceTree = "<group>"; };
		6EC5F1AA24DC40CD00D132BE /* UI.swift */ = {isa = PBXFileReference; lastKnownFileType = sourcecode.swift; path = UI.swift; sourceTree = "<group>"; };
		6EC5F1AE24DD767800D132BE /* ProductViewController.swift */ = {isa = PBXFileReference; lastKnownFileType = sourcecode.swift; path = ProductViewController.swift; sourceTree = "<group>"; };
		6EC5F1B024DED36A00D132BE /* CheckListCustomCell.swift */ = {isa = PBXFileReference; lastKnownFileType = sourcecode.swift; path = CheckListCustomCell.swift; sourceTree = "<group>"; };
		6EC5F1B224DEE4F200D132BE /* Main.storyboard */ = {isa = PBXFileReference; fileEncoding = 4; lastKnownFileType = file.storyboard; path = Main.storyboard; sourceTree = "<group>"; };
		6EC5F1B824E001A100D132BE /* CardDetailViewController.swift */ = {isa = PBXFileReference; lastKnownFileType = sourcecode.swift; path = CardDetailViewController.swift; sourceTree = "<group>"; };
		6EC5F1BA24E001C500D132BE /* CleanCardDetailViewController.swift */ = {isa = PBXFileReference; lastKnownFileType = sourcecode.swift; path = CleanCardDetailViewController.swift; sourceTree = "<group>"; };
		7CF584A268018CD7EAA13FCD /* Pods-CleanerTests.debug.xcconfig */ = {isa = PBXFileReference; includeInIndex = 1; lastKnownFileType = text.xcconfig; name = "Pods-CleanerTests.debug.xcconfig"; path = "Target Support Files/Pods-CleanerTests/Pods-CleanerTests.debug.xcconfig"; sourceTree = "<group>"; };
		879F3C84888917A6F2BF7E4C /* Pods-Cleaner.debug.xcconfig */ = {isa = PBXFileReference; includeInIndex = 1; lastKnownFileType = text.xcconfig; name = "Pods-Cleaner.debug.xcconfig"; path = "Target Support Files/Pods-Cleaner/Pods-Cleaner.debug.xcconfig"; sourceTree = "<group>"; };
		A5D692B333506DE5F486AAA6 /* Pods-Cleaner.release.xcconfig */ = {isa = PBXFileReference; includeInIndex = 1; lastKnownFileType = text.xcconfig; name = "Pods-Cleaner.release.xcconfig"; path = "Target Support Files/Pods-Cleaner/Pods-Cleaner.release.xcconfig"; sourceTree = "<group>"; };
		B86B6AD5D1B5C3CE66C4DCC8 /* Pods_CleanerTests.framework */ = {isa = PBXFileReference; explicitFileType = wrapper.framework; includeInIndex = 0; path = Pods_CleanerTests.framework; sourceTree = BUILT_PRODUCTS_DIR; };
		CD23CC3328FBDA64717251FC /* Pods-Cleaner-CleanerUITests.debug.xcconfig */ = {isa = PBXFileReference; includeInIndex = 1; lastKnownFileType = text.xcconfig; name = "Pods-Cleaner-CleanerUITests.debug.xcconfig"; path = "Target Support Files/Pods-Cleaner-CleanerUITests/Pods-Cleaner-CleanerUITests.debug.xcconfig"; sourceTree = "<group>"; };
		EDB7CAB35BCBA6C1562A2027 /* Pods-CleanerTests.release.xcconfig */ = {isa = PBXFileReference; includeInIndex = 1; lastKnownFileType = text.xcconfig; name = "Pods-CleanerTests.release.xcconfig"; path = "Target Support Files/Pods-CleanerTests/Pods-CleanerTests.release.xcconfig"; sourceTree = "<group>"; };
/* End PBXFileReference section */

/* Begin PBXFrameworksBuildPhase section */
		6E81ED7224D81776006E3BD0 /* Frameworks */ = {
			isa = PBXFrameworksBuildPhase;
			buildActionMask = 2147483647;
			files = (
				81FA9327B1DE724131EEFB22 /* Pods_Cleaner.framework in Frameworks */,
			);
			runOnlyForDeploymentPostprocessing = 0;
		};
		6E81ED8B24D81778006E3BD0 /* Frameworks */ = {
			isa = PBXFrameworksBuildPhase;
			buildActionMask = 2147483647;
			files = (
				30A0510BD22453211E58A2A2 /* Pods_CleanerTests.framework in Frameworks */,
			);
			runOnlyForDeploymentPostprocessing = 0;
		};
		6E81ED9624D81778006E3BD0 /* Frameworks */ = {
			isa = PBXFrameworksBuildPhase;
			buildActionMask = 2147483647;
			files = (
				8AFC4CA20471BDC585F4D21D /* Pods_Cleaner_CleanerUITests.framework in Frameworks */,
			);
			runOnlyForDeploymentPostprocessing = 0;
		};
/* End PBXFrameworksBuildPhase section */

/* Begin PBXGroup section */
		6E81ED6C24D81776006E3BD0 = {
			isa = PBXGroup;
			children = (
				6E81ED7724D81776006E3BD0 /* Cleaner */,
				6E81ED9124D81778006E3BD0 /* CleanerTests */,
				6E81ED9C24D81778006E3BD0 /* CleanerUITests */,
				6E81ED7624D81776006E3BD0 /* Products */,
				90181056B5F9198B523CD8E2 /* Pods */,
				AAC4B38D9FA4580D213D07B5 /* Frameworks */,
			);
			sourceTree = "<group>";
		};
		6E81ED7624D81776006E3BD0 /* Products */ = {
			isa = PBXGroup;
			children = (
				6E81ED7524D81776006E3BD0 /* Cleaner.app */,
				6E81ED8E24D81778006E3BD0 /* CleanerTests.xctest */,
				6E81ED9924D81778006E3BD0 /* CleanerUITests.xctest */,
			);
			name = Products;
			sourceTree = "<group>";
		};
		6E81ED7724D81776006E3BD0 /* Cleaner */ = {
			isa = PBXGroup;
			children = (
				6E81ED7824D81776006E3BD0 /* AppDelegate.swift */,
				6E81ED7A24D81776006E3BD0 /* SceneDelegate.swift */,
				6E81EDAD24D81946006E3BD0 /* Controller */,
				6E81EDAB24D81925006E3BD0 /* View */,
				6E81EDAC24D81932006E3BD0 /* Model */,
				6EC5F1B224DEE4F200D132BE /* Main.storyboard */,
				6E81ED8424D81777006E3BD0 /* Assets.xcassets */,
				6E81ED8624D81777006E3BD0 /* LaunchScreen.storyboard */,
				6E81ED8924D81777006E3BD0 /* Info.plist */,
				6E81ED8124D81776006E3BD0 /* Cleaner.xcdatamodeld */,
			);
			path = Cleaner;
			sourceTree = "<group>";
		};
		6E81ED9124D81778006E3BD0 /* CleanerTests */ = {
			isa = PBXGroup;
			children = (
				6E81ED9224D81778006E3BD0 /* CleanerTests.swift */,
				6E81ED9424D81778006E3BD0 /* Info.plist */,
			);
			path = CleanerTests;
			sourceTree = "<group>";
		};
		6E81ED9C24D81778006E3BD0 /* CleanerUITests */ = {
			isa = PBXGroup;
			children = (
				6E81ED9D24D81778006E3BD0 /* CleanerUITests.swift */,
				6E81ED9F24D81778006E3BD0 /* Info.plist */,
			);
			path = CleanerUITests;
			sourceTree = "<group>";
		};
		6E81EDAB24D81925006E3BD0 /* View */ = {
			isa = PBXGroup;
			children = (
				6E14187C24DAEE5100E7C49A /* ArticleCustomItem.swift */,
				6EC5F1B024DED36A00D132BE /* CheckListCustomCell.swift */,
				6E373A7D24E00F9100BF5678 /* CardDetailCustomCell.swift */,
				6E373A7F24E0312C00BF5678 /* CardDetailBannerCustomCell.swift */,
			);
			path = View;
			sourceTree = "<group>";
		};
		6E81EDAC24D81932006E3BD0 /* Model */ = {
			isa = PBXGroup;
			children = (
				6EC5F1AA24DC40CD00D132BE /* UI.swift */,
			);
			path = Model;
			sourceTree = "<group>";
		};
		6E81EDAD24D81946006E3BD0 /* Controller */ = {
			isa = PBXGroup;
			children = (
				6EC5F1B424E000C900D132BE /* CleaningMethod */,
				6EC5F1B524E000F600D132BE /* Schedule */,
				6EC5F1B724E0010900D132BE /* CleanMate */,
				6EC5F1B624E0010600D132BE /* Setting */,
			);
			path = Controller;
			sourceTree = "<group>";
		};
		6EC5F1B424E000C900D132BE /* CleaningMethod */ = {
			isa = PBXGroup;
			children = (
				6E81EDB424D81A9B006E3BD0 /* CleaningMethodViewController.swift */,
				6EC5F1AE24DD767800D132BE /* ProductViewController.swift */,
			);
			path = CleaningMethod;
			sourceTree = "<group>";
		};
		6EC5F1B524E000F600D132BE /* Schedule */ = {
			isa = PBXGroup;
			children = (
				6E81EDB024D81A34006E3BD0 /* ScheduleViewController.swift */,
				6EC5F1B824E001A100D132BE /* CardDetailViewController.swift */,
				6EC5F1BA24E001C500D132BE /* CleanCardDetailViewController.swift */,
			);
			path = Schedule;
			sourceTree = "<group>";
		};
		6EC5F1B624E0010600D132BE /* Setting */ = {
			isa = PBXGroup;
			children = (
				6E81EDB824D81B21006E3BD0 /* SettingViewController.swift */,
			);
			path = Setting;
			sourceTree = "<group>";
		};
		6EC5F1B724E0010900D132BE /* CleanMate */ = {
			isa = PBXGroup;
			children = (
				6E81EDB624D81B11006E3BD0 /* CleanMateViewController.swift */,
			);
			path = CleanMate;
			sourceTree = "<group>";
		};
		90181056B5F9198B523CD8E2 /* Pods */ = {
			isa = PBXGroup;
			children = (
				879F3C84888917A6F2BF7E4C /* Pods-Cleaner.debug.xcconfig */,
				A5D692B333506DE5F486AAA6 /* Pods-Cleaner.release.xcconfig */,
				CD23CC3328FBDA64717251FC /* Pods-Cleaner-CleanerUITests.debug.xcconfig */,
				0B7F1CFF07D89D374A66005C /* Pods-Cleaner-CleanerUITests.release.xcconfig */,
				7CF584A268018CD7EAA13FCD /* Pods-CleanerTests.debug.xcconfig */,
				EDB7CAB35BCBA6C1562A2027 /* Pods-CleanerTests.release.xcconfig */,
			);
			path = Pods;
			sourceTree = "<group>";
		};
		AAC4B38D9FA4580D213D07B5 /* Frameworks */ = {
			isa = PBXGroup;
			children = (
				32D1E6C7B8B27529E5DB686B /* Pods_Cleaner.framework */,
				0E0B64133B0E937B29E66C9A /* Pods_Cleaner_CleanerUITests.framework */,
				B86B6AD5D1B5C3CE66C4DCC8 /* Pods_CleanerTests.framework */,
			);
			name = Frameworks;
			sourceTree = "<group>";
		};
/* End PBXGroup section */

/* Begin PBXNativeTarget section */
		6E81ED7424D81776006E3BD0 /* Cleaner */ = {
			isa = PBXNativeTarget;
			buildConfigurationList = 6E81EDA224D81778006E3BD0 /* Build configuration list for PBXNativeTarget "Cleaner" */;
			buildPhases = (
				8BE26CEAF811AA518503DA1D /* [CP] Check Pods Manifest.lock */,
				6E81ED7124D81776006E3BD0 /* Sources */,
				6E81ED7224D81776006E3BD0 /* Frameworks */,
				6E81ED7324D81776006E3BD0 /* Resources */,
				73A6B378D6BD83C03F56F701 /* [CP] Embed Pods Frameworks */,
			);
			buildRules = (
			);
			dependencies = (
			);
			name = Cleaner;
			productName = Cleaner;
			productReference = 6E81ED7524D81776006E3BD0 /* Cleaner.app */;
			productType = "com.apple.product-type.application";
		};
		6E81ED8D24D81778006E3BD0 /* CleanerTests */ = {
			isa = PBXNativeTarget;
			buildConfigurationList = 6E81EDA524D81778006E3BD0 /* Build configuration list for PBXNativeTarget "CleanerTests" */;
			buildPhases = (
				82D649DEAF5B656C26E417C2 /* [CP] Check Pods Manifest.lock */,
				6E81ED8A24D81778006E3BD0 /* Sources */,
				6E81ED8B24D81778006E3BD0 /* Frameworks */,
				6E81ED8C24D81778006E3BD0 /* Resources */,
			);
			buildRules = (
			);
			dependencies = (
				6E81ED9024D81778006E3BD0 /* PBXTargetDependency */,
			);
			name = CleanerTests;
			productName = CleanerTests;
			productReference = 6E81ED8E24D81778006E3BD0 /* CleanerTests.xctest */;
			productType = "com.apple.product-type.bundle.unit-test";
		};
		6E81ED9824D81778006E3BD0 /* CleanerUITests */ = {
			isa = PBXNativeTarget;
			buildConfigurationList = 6E81EDA824D81778006E3BD0 /* Build configuration list for PBXNativeTarget "CleanerUITests" */;
			buildPhases = (
				099053ABD31926ABA5A14C70 /* [CP] Check Pods Manifest.lock */,
				6E81ED9524D81778006E3BD0 /* Sources */,
				6E81ED9624D81778006E3BD0 /* Frameworks */,
				6E81ED9724D81778006E3BD0 /* Resources */,
				457F75B352E38635C1E27B07 /* [CP] Embed Pods Frameworks */,
			);
			buildRules = (
			);
			dependencies = (
				6E81ED9B24D81778006E3BD0 /* PBXTargetDependency */,
			);
			name = CleanerUITests;
			productName = CleanerUITests;
			productReference = 6E81ED9924D81778006E3BD0 /* CleanerUITests.xctest */;
			productType = "com.apple.product-type.bundle.ui-testing";
		};
/* End PBXNativeTarget section */

/* Begin PBXProject section */
		6E81ED6D24D81776006E3BD0 /* Project object */ = {
			isa = PBXProject;
			attributes = {
				LastSwiftUpdateCheck = 1160;
				LastUpgradeCheck = 1160;
				ORGANIZATIONNAME = SloWax;
				TargetAttributes = {
					6E81ED7424D81776006E3BD0 = {
						CreatedOnToolsVersion = 11.6;
					};
					6E81ED8D24D81778006E3BD0 = {
						CreatedOnToolsVersion = 11.6;
						TestTargetID = 6E81ED7424D81776006E3BD0;
					};
					6E81ED9824D81778006E3BD0 = {
						CreatedOnToolsVersion = 11.6;
						TestTargetID = 6E81ED7424D81776006E3BD0;
					};
				};
			};
			buildConfigurationList = 6E81ED7024D81776006E3BD0 /* Build configuration list for PBXProject "Cleaner" */;
			compatibilityVersion = "Xcode 9.3";
			developmentRegion = en;
			hasScannedForEncodings = 0;
			knownRegions = (
				en,
				Base,
			);
			mainGroup = 6E81ED6C24D81776006E3BD0;
			productRefGroup = 6E81ED7624D81776006E3BD0 /* Products */;
			projectDirPath = "";
			projectRoot = "";
			targets = (
				6E81ED7424D81776006E3BD0 /* Cleaner */,
				6E81ED8D24D81778006E3BD0 /* CleanerTests */,
				6E81ED9824D81778006E3BD0 /* CleanerUITests */,
			);
		};
/* End PBXProject section */

/* Begin PBXResourcesBuildPhase section */
		6E81ED7324D81776006E3BD0 /* Resources */ = {
			isa = PBXResourcesBuildPhase;
			buildActionMask = 2147483647;
			files = (
				6EC5F1B324DEE4F200D132BE /* Main.storyboard in Resources */,
				6E81ED8824D81777006E3BD0 /* LaunchScreen.storyboard in Resources */,
				6E81ED8524D81777006E3BD0 /* Assets.xcassets in Resources */,
			);
			runOnlyForDeploymentPostprocessing = 0;
		};
		6E81ED8C24D81778006E3BD0 /* Resources */ = {
			isa = PBXResourcesBuildPhase;
			buildActionMask = 2147483647;
			files = (
			);
			runOnlyForDeploymentPostprocessing = 0;
		};
		6E81ED9724D81778006E3BD0 /* Resources */ = {
			isa = PBXResourcesBuildPhase;
			buildActionMask = 2147483647;
			files = (
			);
			runOnlyForDeploymentPostprocessing = 0;
		};
/* End PBXResourcesBuildPhase section */

/* Begin PBXShellScriptBuildPhase section */
		099053ABD31926ABA5A14C70 /* [CP] Check Pods Manifest.lock */ = {
			isa = PBXShellScriptBuildPhase;
			buildActionMask = 2147483647;
			files = (
			);
			inputFileListPaths = (
			);
			inputPaths = (
				"${PODS_PODFILE_DIR_PATH}/Podfile.lock",
				"${PODS_ROOT}/Manifest.lock",
			);
			name = "[CP] Check Pods Manifest.lock";
			outputFileListPaths = (
			);
			outputPaths = (
				"$(DERIVED_FILE_DIR)/Pods-Cleaner-CleanerUITests-checkManifestLockResult.txt",
			);
			runOnlyForDeploymentPostprocessing = 0;
			shellPath = /bin/sh;
			shellScript = "diff \"${PODS_PODFILE_DIR_PATH}/Podfile.lock\" \"${PODS_ROOT}/Manifest.lock\" > /dev/null\nif [ $? != 0 ] ; then\n    # print error to STDERR\n    echo \"error: The sandbox is not in sync with the Podfile.lock. Run 'pod install' or update your CocoaPods installation.\" >&2\n    exit 1\nfi\n# This output is used by Xcode 'outputs' to avoid re-running this script phase.\necho \"SUCCESS\" > \"${SCRIPT_OUTPUT_FILE_0}\"\n";
			showEnvVarsInLog = 0;
		};
		457F75B352E38635C1E27B07 /* [CP] Embed Pods Frameworks */ = {
			isa = PBXShellScriptBuildPhase;
			buildActionMask = 2147483647;
			files = (
			);
			inputFileListPaths = (
				"${PODS_ROOT}/Target Support Files/Pods-Cleaner-CleanerUITests/Pods-Cleaner-CleanerUITests-frameworks-${CONFIGURATION}-input-files.xcfilelist",
			);
			name = "[CP] Embed Pods Frameworks";
			outputFileListPaths = (
				"${PODS_ROOT}/Target Support Files/Pods-Cleaner-CleanerUITests/Pods-Cleaner-CleanerUITests-frameworks-${CONFIGURATION}-output-files.xcfilelist",
			);
			runOnlyForDeploymentPostprocessing = 0;
			shellPath = /bin/sh;
			shellScript = "\"${PODS_ROOT}/Target Support Files/Pods-Cleaner-CleanerUITests/Pods-Cleaner-CleanerUITests-frameworks.sh\"\n";
			showEnvVarsInLog = 0;
		};
		73A6B378D6BD83C03F56F701 /* [CP] Embed Pods Frameworks */ = {
			isa = PBXShellScriptBuildPhase;
			buildActionMask = 2147483647;
			files = (
			);
			inputFileListPaths = (
				"${PODS_ROOT}/Target Support Files/Pods-Cleaner/Pods-Cleaner-frameworks-${CONFIGURATION}-input-files.xcfilelist",
			);
			name = "[CP] Embed Pods Frameworks";
			outputFileListPaths = (
				"${PODS_ROOT}/Target Support Files/Pods-Cleaner/Pods-Cleaner-frameworks-${CONFIGURATION}-output-files.xcfilelist",
			);
			runOnlyForDeploymentPostprocessing = 0;
			shellPath = /bin/sh;
			shellScript = "\"${PODS_ROOT}/Target Support Files/Pods-Cleaner/Pods-Cleaner-frameworks.sh\"\n";
			showEnvVarsInLog = 0;
		};
		82D649DEAF5B656C26E417C2 /* [CP] Check Pods Manifest.lock */ = {
			isa = PBXShellScriptBuildPhase;
			buildActionMask = 2147483647;
			files = (
			);
			inputFileListPaths = (
			);
			inputPaths = (
				"${PODS_PODFILE_DIR_PATH}/Podfile.lock",
				"${PODS_ROOT}/Manifest.lock",
			);
			name = "[CP] Check Pods Manifest.lock";
			outputFileListPaths = (
			);
			outputPaths = (
				"$(DERIVED_FILE_DIR)/Pods-CleanerTests-checkManifestLockResult.txt",
			);
			runOnlyForDeploymentPostprocessing = 0;
			shellPath = /bin/sh;
			shellScript = "diff \"${PODS_PODFILE_DIR_PATH}/Podfile.lock\" \"${PODS_ROOT}/Manifest.lock\" > /dev/null\nif [ $? != 0 ] ; then\n    # print error to STDERR\n    echo \"error: The sandbox is not in sync with the Podfile.lock. Run 'pod install' or update your CocoaPods installation.\" >&2\n    exit 1\nfi\n# This output is used by Xcode 'outputs' to avoid re-running this script phase.\necho \"SUCCESS\" > \"${SCRIPT_OUTPUT_FILE_0}\"\n";
			showEnvVarsInLog = 0;
		};
		8BE26CEAF811AA518503DA1D /* [CP] Check Pods Manifest.lock */ = {
			isa = PBXShellScriptBuildPhase;
			buildActionMask = 2147483647;
			files = (
			);
			inputFileListPaths = (
			);
			inputPaths = (
				"${PODS_PODFILE_DIR_PATH}/Podfile.lock",
				"${PODS_ROOT}/Manifest.lock",
			);
			name = "[CP] Check Pods Manifest.lock";
			outputFileListPaths = (
			);
			outputPaths = (
				"$(DERIVED_FILE_DIR)/Pods-Cleaner-checkManifestLockResult.txt",
			);
			runOnlyForDeploymentPostprocessing = 0;
			shellPath = /bin/sh;
			shellScript = "diff \"${PODS_PODFILE_DIR_PATH}/Podfile.lock\" \"${PODS_ROOT}/Manifest.lock\" > /dev/null\nif [ $? != 0 ] ; then\n    # print error to STDERR\n    echo \"error: The sandbox is not in sync with the Podfile.lock. Run 'pod install' or update your CocoaPods installation.\" >&2\n    exit 1\nfi\n# This output is used by Xcode 'outputs' to avoid re-running this script phase.\necho \"SUCCESS\" > \"${SCRIPT_OUTPUT_FILE_0}\"\n";
			showEnvVarsInLog = 0;
		};
/* End PBXShellScriptBuildPhase section */

/* Begin PBXSourcesBuildPhase section */
		6E81ED7124D81776006E3BD0 /* Sources */ = {
			isa = PBXSourcesBuildPhase;
			buildActionMask = 2147483647;
			files = (
				6EC5F1BB24E001C500D132BE /* CleanCardDetailViewController.swift in Sources */,
				6E373A8024E0312C00BF5678 /* CardDetailBannerCustomCell.swift in Sources */,
				6EC5F1AB24DC40CD00D132BE /* UI.swift in Sources */,
				6EC5F1B924E001A100D132BE /* CardDetailViewController.swift in Sources */,
				6E81EDB524D81A9B006E3BD0 /* CleaningMethodViewController.swift in Sources */,
				6E14187D24DAEE5100E7C49A /* ArticleCustomItem.swift in Sources */,
				6E373A7E24E00F9100BF5678 /* CardDetailCustomCell.swift in Sources */,
				6E81EDB124D81A34006E3BD0 /* ScheduleViewController.swift in Sources */,
				6E81ED7924D81776006E3BD0 /* AppDelegate.swift in Sources */,
				6E81EDB724D81B11006E3BD0 /* CleanMateViewController.swift in Sources */,
				6E81ED8324D81776006E3BD0 /* Cleaner.xcdatamodeld in Sources */,
				6E81EDB924D81B21006E3BD0 /* SettingViewController.swift in Sources */,
				6EC5F1AF24DD767800D132BE /* ProductViewController.swift in Sources */,
				6E81ED7B24D81776006E3BD0 /* SceneDelegate.swift in Sources */,
				6EC5F1B124DED36A00D132BE /* CheckListCustomCell.swift in Sources */,
			);
			runOnlyForDeploymentPostprocessing = 0;
		};
		6E81ED8A24D81778006E3BD0 /* Sources */ = {
			isa = PBXSourcesBuildPhase;
			buildActionMask = 2147483647;
			files = (
				6E81ED9324D81778006E3BD0 /* CleanerTests.swift in Sources */,
			);
			runOnlyForDeploymentPostprocessing = 0;
		};
		6E81ED9524D81778006E3BD0 /* Sources */ = {
			isa = PBXSourcesBuildPhase;
			buildActionMask = 2147483647;
			files = (
				6E81ED9E24D81778006E3BD0 /* CleanerUITests.swift in Sources */,
			);
			runOnlyForDeploymentPostprocessing = 0;
		};
/* End PBXSourcesBuildPhase section */

/* Begin PBXTargetDependency section */
		6E81ED9024D81778006E3BD0 /* PBXTargetDependency */ = {
			isa = PBXTargetDependency;
			target = 6E81ED7424D81776006E3BD0 /* Cleaner */;
			targetProxy = 6E81ED8F24D81778006E3BD0 /* PBXContainerItemProxy */;
		};
		6E81ED9B24D81778006E3BD0 /* PBXTargetDependency */ = {
			isa = PBXTargetDependency;
			target = 6E81ED7424D81776006E3BD0 /* Cleaner */;
			targetProxy = 6E81ED9A24D81778006E3BD0 /* PBXContainerItemProxy */;
		};
/* End PBXTargetDependency section */

/* Begin PBXVariantGroup section */
		6E81ED8624D81777006E3BD0 /* LaunchScreen.storyboard */ = {
			isa = PBXVariantGroup;
			children = (
				6E81ED8724D81777006E3BD0 /* Base */,
			);
			name = LaunchScreen.storyboard;
			sourceTree = "<group>";
		};
/* End PBXVariantGroup section */

/* Begin XCBuildConfiguration section */
		6E81EDA024D81778006E3BD0 /* Debug */ = {
			isa = XCBuildConfiguration;
			buildSettings = {
				ALWAYS_SEARCH_USER_PATHS = NO;
				CLANG_ANALYZER_NONNULL = YES;
				CLANG_ANALYZER_NUMBER_OBJECT_CONVERSION = YES_AGGRESSIVE;
				CLANG_CXX_LANGUAGE_STANDARD = "gnu++14";
				CLANG_CXX_LIBRARY = "libc++";
				CLANG_ENABLE_MODULES = YES;
				CLANG_ENABLE_OBJC_ARC = YES;
				CLANG_ENABLE_OBJC_WEAK = YES;
				CLANG_WARN_BLOCK_CAPTURE_AUTORELEASING = YES;
				CLANG_WARN_BOOL_CONVERSION = YES;
				CLANG_WARN_COMMA = YES;
				CLANG_WARN_CONSTANT_CONVERSION = YES;
				CLANG_WARN_DEPRECATED_OBJC_IMPLEMENTATIONS = YES;
				CLANG_WARN_DIRECT_OBJC_ISA_USAGE = YES_ERROR;
				CLANG_WARN_DOCUMENTATION_COMMENTS = YES;
				CLANG_WARN_EMPTY_BODY = YES;
				CLANG_WARN_ENUM_CONVERSION = YES;
				CLANG_WARN_INFINITE_RECURSION = YES;
				CLANG_WARN_INT_CONVERSION = YES;
				CLANG_WARN_NON_LITERAL_NULL_CONVERSION = YES;
				CLANG_WARN_OBJC_IMPLICIT_RETAIN_SELF = YES;
				CLANG_WARN_OBJC_LITERAL_CONVERSION = YES;
				CLANG_WARN_OBJC_ROOT_CLASS = YES_ERROR;
				CLANG_WARN_RANGE_LOOP_ANALYSIS = YES;
				CLANG_WARN_STRICT_PROTOTYPES = YES;
				CLANG_WARN_SUSPICIOUS_MOVE = YES;
				CLANG_WARN_UNGUARDED_AVAILABILITY = YES_AGGRESSIVE;
				CLANG_WARN_UNREACHABLE_CODE = YES;
				CLANG_WARN__DUPLICATE_METHOD_MATCH = YES;
				COPY_PHASE_STRIP = NO;
				DEBUG_INFORMATION_FORMAT = dwarf;
				ENABLE_STRICT_OBJC_MSGSEND = YES;
				ENABLE_TESTABILITY = YES;
				GCC_C_LANGUAGE_STANDARD = gnu11;
				GCC_DYNAMIC_NO_PIC = NO;
				GCC_NO_COMMON_BLOCKS = YES;
				GCC_OPTIMIZATION_LEVEL = 0;
				GCC_PREPROCESSOR_DEFINITIONS = (
					"DEBUG=1",
					"$(inherited)",
				);
				GCC_WARN_64_TO_32_BIT_CONVERSION = YES;
				GCC_WARN_ABOUT_RETURN_TYPE = YES_ERROR;
				GCC_WARN_UNDECLARED_SELECTOR = YES;
				GCC_WARN_UNINITIALIZED_AUTOS = YES_AGGRESSIVE;
				GCC_WARN_UNUSED_FUNCTION = YES;
				GCC_WARN_UNUSED_VARIABLE = YES;
				IPHONEOS_DEPLOYMENT_TARGET = 13.0;
				MTL_ENABLE_DEBUG_INFO = INCLUDE_SOURCE;
				MTL_FAST_MATH = YES;
				ONLY_ACTIVE_ARCH = YES;
				SDKROOT = iphoneos;
				SWIFT_ACTIVE_COMPILATION_CONDITIONS = DEBUG;
				SWIFT_OPTIMIZATION_LEVEL = "-Onone";
			};
			name = Debug;
		};
		6E81EDA124D81778006E3BD0 /* Release */ = {
			isa = XCBuildConfiguration;
			buildSettings = {
				ALWAYS_SEARCH_USER_PATHS = NO;
				CLANG_ANALYZER_NONNULL = YES;
				CLANG_ANALYZER_NUMBER_OBJECT_CONVERSION = YES_AGGRESSIVE;
				CLANG_CXX_LANGUAGE_STANDARD = "gnu++14";
				CLANG_CXX_LIBRARY = "libc++";
				CLANG_ENABLE_MODULES = YES;
				CLANG_ENABLE_OBJC_ARC = YES;
				CLANG_ENABLE_OBJC_WEAK = YES;
				CLANG_WARN_BLOCK_CAPTURE_AUTORELEASING = YES;
				CLANG_WARN_BOOL_CONVERSION = YES;
				CLANG_WARN_COMMA = YES;
				CLANG_WARN_CONSTANT_CONVERSION = YES;
				CLANG_WARN_DEPRECATED_OBJC_IMPLEMENTATIONS = YES;
				CLANG_WARN_DIRECT_OBJC_ISA_USAGE = YES_ERROR;
				CLANG_WARN_DOCUMENTATION_COMMENTS = YES;
				CLANG_WARN_EMPTY_BODY = YES;
				CLANG_WARN_ENUM_CONVERSION = YES;
				CLANG_WARN_INFINITE_RECURSION = YES;
				CLANG_WARN_INT_CONVERSION = YES;
				CLANG_WARN_NON_LITERAL_NULL_CONVERSION = YES;
				CLANG_WARN_OBJC_IMPLICIT_RETAIN_SELF = YES;
				CLANG_WARN_OBJC_LITERAL_CONVERSION = YES;
				CLANG_WARN_OBJC_ROOT_CLASS = YES_ERROR;
				CLANG_WARN_RANGE_LOOP_ANALYSIS = YES;
				CLANG_WARN_STRICT_PROTOTYPES = YES;
				CLANG_WARN_SUSPICIOUS_MOVE = YES;
				CLANG_WARN_UNGUARDED_AVAILABILITY = YES_AGGRESSIVE;
				CLANG_WARN_UNREACHABLE_CODE = YES;
				CLANG_WARN__DUPLICATE_METHOD_MATCH = YES;
				COPY_PHASE_STRIP = NO;
				DEBUG_INFORMATION_FORMAT = "dwarf-with-dsym";
				ENABLE_NS_ASSERTIONS = NO;
				ENABLE_STRICT_OBJC_MSGSEND = YES;
				GCC_C_LANGUAGE_STANDARD = gnu11;
				GCC_NO_COMMON_BLOCKS = YES;
				GCC_WARN_64_TO_32_BIT_CONVERSION = YES;
				GCC_WARN_ABOUT_RETURN_TYPE = YES_ERROR;
				GCC_WARN_UNDECLARED_SELECTOR = YES;
				GCC_WARN_UNINITIALIZED_AUTOS = YES_AGGRESSIVE;
				GCC_WARN_UNUSED_FUNCTION = YES;
				GCC_WARN_UNUSED_VARIABLE = YES;
				IPHONEOS_DEPLOYMENT_TARGET = 13.0;
				MTL_ENABLE_DEBUG_INFO = NO;
				MTL_FAST_MATH = YES;
				SDKROOT = iphoneos;
				SWIFT_COMPILATION_MODE = wholemodule;
				SWIFT_OPTIMIZATION_LEVEL = "-O";
				VALIDATE_PRODUCT = YES;
			};
			name = Release;
		};
		6E81EDA324D81778006E3BD0 /* Debug */ = {
			isa = XCBuildConfiguration;
			baseConfigurationReference = 879F3C84888917A6F2BF7E4C /* Pods-Cleaner.debug.xcconfig */;
			buildSettings = {
				ASSETCATALOG_COMPILER_APPICON_NAME = AppIcon;
				CODE_SIGN_STYLE = Automatic;
				DEVELOPMENT_TEAM = 3799SNND63;
				INFOPLIST_FILE = Cleaner/Info.plist;
				LD_RUNPATH_SEARCH_PATHS = (
					"$(inherited)",
					"@executable_path/Frameworks",
				);
				PRODUCT_BUNDLE_IDENTIFIER = individual.Cleaner;
				PRODUCT_NAME = "$(TARGET_NAME)";
				SWIFT_VERSION = 5.0;
				TARGETED_DEVICE_FAMILY = "1,2";
			};
			name = Debug;
		};
		6E81EDA424D81778006E3BD0 /* Release */ = {
			isa = XCBuildConfiguration;
			baseConfigurationReference = A5D692B333506DE5F486AAA6 /* Pods-Cleaner.release.xcconfig */;
			buildSettings = {
				ASSETCATALOG_COMPILER_APPICON_NAME = AppIcon;
				CODE_SIGN_STYLE = Automatic;
				DEVELOPMENT_TEAM = 3799SNND63;
				INFOPLIST_FILE = Cleaner/Info.plist;
				LD_RUNPATH_SEARCH_PATHS = (
					"$(inherited)",
					"@executable_path/Frameworks",
				);
				PRODUCT_BUNDLE_IDENTIFIER = individual.Cleaner;
				PRODUCT_NAME = "$(TARGET_NAME)";
				SWIFT_VERSION = 5.0;
				TARGETED_DEVICE_FAMILY = "1,2";
			};
			name = Release;
		};
		6E81EDA624D81778006E3BD0 /* Debug */ = {
			isa = XCBuildConfiguration;
			baseConfigurationReference = 7CF584A268018CD7EAA13FCD /* Pods-CleanerTests.debug.xcconfig */;
			buildSettings = {
				ALWAYS_EMBED_SWIFT_STANDARD_LIBRARIES = YES;
				BUNDLE_LOADER = "$(TEST_HOST)";
				CODE_SIGN_STYLE = Automatic;
				INFOPLIST_FILE = CleanerTests/Info.plist;
				IPHONEOS_DEPLOYMENT_TARGET = 13.6;
				LD_RUNPATH_SEARCH_PATHS = (
					"$(inherited)",
					"@executable_path/Frameworks",
					"@loader_path/Frameworks",
				);
				PRODUCT_BUNDLE_IDENTIFIER = individual.CleanerTests;
				PRODUCT_NAME = "$(TARGET_NAME)";
				SWIFT_VERSION = 5.0;
				TARGETED_DEVICE_FAMILY = "1,2";
				TEST_HOST = "$(BUILT_PRODUCTS_DIR)/Cleaner.app/Cleaner";
			};
			name = Debug;
		};
		6E81EDA724D81778006E3BD0 /* Release */ = {
			isa = XCBuildConfiguration;
			baseConfigurationReference = EDB7CAB35BCBA6C1562A2027 /* Pods-CleanerTests.release.xcconfig */;
			buildSettings = {
				ALWAYS_EMBED_SWIFT_STANDARD_LIBRARIES = YES;
				BUNDLE_LOADER = "$(TEST_HOST)";
				CODE_SIGN_STYLE = Automatic;
				INFOPLIST_FILE = CleanerTests/Info.plist;
				IPHONEOS_DEPLOYMENT_TARGET = 13.6;
				LD_RUNPATH_SEARCH_PATHS = (
					"$(inherited)",
					"@executable_path/Frameworks",
					"@loader_path/Frameworks",
				);
				PRODUCT_BUNDLE_IDENTIFIER = individual.CleanerTests;
				PRODUCT_NAME = "$(TARGET_NAME)";
				SWIFT_VERSION = 5.0;
				TARGETED_DEVICE_FAMILY = "1,2";
				TEST_HOST = "$(BUILT_PRODUCTS_DIR)/Cleaner.app/Cleaner";
			};
			name = Release;
		};
		6E81EDA924D81778006E3BD0 /* Debug */ = {
			isa = XCBuildConfiguration;
			baseConfigurationReference = CD23CC3328FBDA64717251FC /* Pods-Cleaner-CleanerUITests.debug.xcconfig */;
			buildSettings = {
				ALWAYS_EMBED_SWIFT_STANDARD_LIBRARIES = YES;
				CODE_SIGN_STYLE = Automatic;
				INFOPLIST_FILE = CleanerUITests/Info.plist;
				LD_RUNPATH_SEARCH_PATHS = (
					"$(inherited)",
					"@executable_path/Frameworks",
					"@loader_path/Frameworks",
				);
				PRODUCT_BUNDLE_IDENTIFIER = individual.CleanerUITests;
				PRODUCT_NAME = "$(TARGET_NAME)";
				SWIFT_VERSION = 5.0;
				TARGETED_DEVICE_FAMILY = "1,2";
				TEST_TARGET_NAME = Cleaner;
			};
			name = Debug;
		};
		6E81EDAA24D81778006E3BD0 /* Release */ = {
			isa = XCBuildConfiguration;
			baseConfigurationReference = 0B7F1CFF07D89D374A66005C /* Pods-Cleaner-CleanerUITests.release.xcconfig */;
			buildSettings = {
				ALWAYS_EMBED_SWIFT_STANDARD_LIBRARIES = YES;
				CODE_SIGN_STYLE = Automatic;
				INFOPLIST_FILE = CleanerUITests/Info.plist;
				LD_RUNPATH_SEARCH_PATHS = (
					"$(inherited)",
					"@executable_path/Frameworks",
					"@loader_path/Frameworks",
				);
				PRODUCT_BUNDLE_IDENTIFIER = individual.CleanerUITests;
				PRODUCT_NAME = "$(TARGET_NAME)";
				SWIFT_VERSION = 5.0;
				TARGETED_DEVICE_FAMILY = "1,2";
				TEST_TARGET_NAME = Cleaner;
			};
			name = Release;
		};
/* End XCBuildConfiguration section */

/* Begin XCConfigurationList section */
		6E81ED7024D81776006E3BD0 /* Build configuration list for PBXProject "Cleaner" */ = {
			isa = XCConfigurationList;
			buildConfigurations = (
				6E81EDA024D81778006E3BD0 /* Debug */,
				6E81EDA124D81778006E3BD0 /* Release */,
			);
			defaultConfigurationIsVisible = 0;
			defaultConfigurationName = Release;
		};
		6E81EDA224D81778006E3BD0 /* Build configuration list for PBXNativeTarget "Cleaner" */ = {
			isa = XCConfigurationList;
			buildConfigurations = (
				6E81EDA324D81778006E3BD0 /* Debug */,
				6E81EDA424D81778006E3BD0 /* Release */,
			);
			defaultConfigurationIsVisible = 0;
			defaultConfigurationName = Release;
		};
		6E81EDA524D81778006E3BD0 /* Build configuration list for PBXNativeTarget "CleanerTests" */ = {
			isa = XCConfigurationList;
			buildConfigurations = (
				6E81EDA624D81778006E3BD0 /* Debug */,
				6E81EDA724D81778006E3BD0 /* Release */,
			);
			defaultConfigurationIsVisible = 0;
			defaultConfigurationName = Release;
		};
		6E81EDA824D81778006E3BD0 /* Build configuration list for PBXNativeTarget "CleanerUITests" */ = {
			isa = XCConfigurationList;
			buildConfigurations = (
				6E81EDA924D81778006E3BD0 /* Debug */,
				6E81EDAA24D81778006E3BD0 /* Release */,
			);
			defaultConfigurationIsVisible = 0;
			defaultConfigurationName = Release;
		};
/* End XCConfigurationList section */

/* Begin XCVersionGroup section */
		6E81ED8124D81776006E3BD0 /* Cleaner.xcdatamodeld */ = {
			isa = XCVersionGroup;
			children = (
				6E81ED8224D81776006E3BD0 /* Cleaner.xcdatamodel */,
			);
			currentVersion = 6E81ED8224D81776006E3BD0 /* Cleaner.xcdatamodel */;
			path = Cleaner.xcdatamodeld;
			sourceTree = "<group>";
			versionGroupType = wrapper.xcdatamodel;
		};
/* End XCVersionGroup section */
	};
	rootObject = 6E81ED6D24D81776006E3BD0 /* Project object */;
}
